
Microsoft Visual Studio Solution File, Format Version 12.00
# Visual Studio Version 17
Project("{2150E333-8FDC-42A3-9474-1A3956D46DE8}") = "CMakePredefinedTargets", "CMakePredefinedTargets", "{E4F8E363-8A0C-378B-9218-36327A6B8E6C}"
EndProject
Project("{8BC9CEB8-8B4A-11D0-8D11-00A0C91BC942}") = "CSC8503", "CSC8503\CSC8503.vcxproj", "{BFB27A62-5FAC-3F28-A6E8-FF9EF3B183D7}"
	ProjectSection(ProjectDependencies) = postProject
		{7CEE56C6-20FA-37A9-9CA4-47E5458A40B5} = {7CEE56C6-20FA-37A9-9CA4-47E5458A40B5}
		{79D5D892-AC9C-3FFD-BEAB-1E917CFFA980} = {79D5D892-AC9C-3FFD-BEAB-1E917CFFA980}
		{82A010D1-B4BB-35C6-9C9B-41A595881BB5} = {82A010D1-B4BB-35C6-9C9B-41A595881BB5}
		{B85A38BF-30E2-3AEC-B8E7-4AF935E60B98} = {B85A38BF-30E2-3AEC-B8E7-4AF935E60B98}
	EndProjectSection
EndProject
Project("{8BC9CEB8-8B4A-11D0-8D11-00A0C91BC942}") = "ALL_BUILD", "ALL_BUILD.vcxproj", "{9273CD13-1AF7-3972-B28D-826326D10526}"
	ProjectSection(ProjectDependencies) = postProject
		{BFB27A62-5FAC-3F28-A6E8-FF9EF3B183D7} = {BFB27A62-5FAC-3F28-A6E8-FF9EF3B183D7}
		{7CEE56C6-20FA-37A9-9CA4-47E5458A40B5} = {7CEE56C6-20FA-37A9-9CA4-47E5458A40B5}
		{79D5D892-AC9C-3FFD-BEAB-1E917CFFA980} = {79D5D892-AC9C-3FFD-BEAB-1E917CFFA980}
		{82A010D1-B4BB-35C6-9C9B-41A595881BB5} = {82A010D1-B4BB-35C6-9C9B-41A595881BB5}
		{B85A38BF-30E2-3AEC-B8E7-4AF935E60B98} = {B85A38BF-30E2-3AEC-B8E7-4AF935E60B98}
	EndProjectSection
EndProject
Project("{8BC9CEB8-8B4A-11D0-8D11-00A0C91BC942}") = "CSC8503CoreClasses", "CSC8503CoreClasses\CSC8503CoreClasses.vcxproj", "{7CEE56C6-20FA-37A9-9CA4-47E5458A40B5}"
	ProjectSection(ProjectDependencies) = postProject
		{B85A38BF-30E2-3AEC-B8E7-4AF935E60B98} = {B85A38BF-30E2-3AEC-B8E7-4AF935E60B98}
	EndProjectSection
EndProject
Project("{8BC9CEB8-8B4A-11D0-8D11-00A0C91BC942}") = "NCLCoreClasses", "NCLCoreClasses\NCLCoreClasses.vcxproj", "{79D5D892-AC9C-3FFD-BEAB-1E917CFFA980}"
	ProjectSection(ProjectDependencies) = postProject
		{B85A38BF-30E2-3AEC-B8E7-4AF935E60B98} = {B85A38BF-30E2-3AEC-B8E7-4AF935E60B98}
	EndProjectSection
EndProject
Project("{8BC9CEB8-8B4A-11D0-8D11-00A0C91BC942}") = "OpenGLRendering", "OpenGLRendering\OpenGLRendering.vcxproj", "{82A010D1-B4BB-35C6-9C9B-41A595881BB5}"
	ProjectSection(ProjectDependencies) = postProject
		{79D5D892-AC9C-3FFD-BEAB-1E917CFFA980} = {79D5D892-AC9C-3FFD-BEAB-1E917CFFA980}
		{B85A38BF-30E2-3AEC-B8E7-4AF935E60B98} = {B85A38BF-30E2-3AEC-B8E7-4AF935E60B98}
	EndProjectSection
EndProject
Project("{8BC9CEB8-8B4A-11D0-8D11-00A0C91BC942}") = "ZERO_CHECK", "ZERO_CHECK.vcxproj", "{B85A38BF-30E2-3AEC-B8E7-4AF935E60B98}"
	ProjectSection(ProjectDependencies) = postProject
	EndProjectSection
EndProject
Global
	GlobalSection(SolutionConfigurationPlatforms) = preSolution
		Debug|x64 = Debug|x64
		Release|x64 = Release|x64
	EndGlobalSection
	GlobalSection(ProjectConfigurationPlatforms) = postSolution
		{BFB27A62-5FAC-3F28-A6E8-FF9EF3B183D7}.Debug|x64.ActiveCfg = Debug|x64
		{BFB27A62-5FAC-3F28-A6E8-FF9EF3B183D7}.Debug|x64.Build.0 = Debug|x64
		{BFB27A62-5FAC-3F28-A6E8-FF9EF3B183D7}.Release|x64.ActiveCfg = Release|x64
		{BFB27A62-5FAC-3F28-A6E8-FF9EF3B183D7}.Release|x64.Build.0 = Release|x64
		{9273CD13-1AF7-3972-B28D-826326D10526}.Debug|x64.ActiveCfg = Debug|x64
		{9273CD13-1AF7-3972-B28D-826326D10526}.Release|x64.ActiveCfg = Release|x64
		{7CEE56C6-20FA-37A9-9CA4-47E5458A40B5}.Debug|x64.ActiveCfg = Debug|x64
		{7CEE56C6-20FA-37A9-9CA4-47E5458A40B5}.Debug|x64.Build.0 = Debug|x64
		{7CEE56C6-20FA-37A9-9CA4-47E5458A40B5}.Release|x64.ActiveCfg = Release|x64
		{7CEE56C6-20FA-37A9-9CA4-47E5458A40B5}.Release|x64.Build.0 = Release|x64
		{79D5D892-AC9C-3FFD-BEAB-1E917CFFA980}.Debug|x64.ActiveCfg = Debug|x64
		{79D5D892-AC9C-3FFD-BEAB-1E917CFFA980}.Debug|x64.Build.0 = Debug|x64
		{79D5D892-AC9C-3FFD-BEAB-1E917CFFA980}.Release|x64.ActiveCfg = Release|x64
		{79D5D892-AC9C-3FFD-BEAB-1E917CFFA980}.Release|x64.Build.0 = Release|x64
		{82A010D1-B4BB-35C6-9C9B-41A595881BB5}.Debug|x64.ActiveCfg = Debug|x64
		{82A010D1-B4BB-35C6-9C9B-41A595881BB5}.Debug|x64.Build.0 = Debug|x64
		{82A010D1-B4BB-35C6-9C9B-41A595881BB5}.Release|x64.ActiveCfg = Release|x64
		{82A010D1-B4BB-35C6-9C9B-41A595881BB5}.Release|x64.Build.0 = Release|x64
		{B85A38BF-30E2-3AEC-B8E7-4AF935E60B98}.Debug|x64.ActiveCfg = Debug|x64
		{B85A38BF-30E2-3AEC-B8E7-4AF935E60B98}.Debug|x64.Build.0 = Debug|x64
		{B85A38BF-30E2-3AEC-B8E7-4AF935E60B98}.Release|x64.ActiveCfg = Release|x64
		{B85A38BF-30E2-3AEC-B8E7-4AF935E60B98}.Release|x64.Build.0 = Release|x64
	EndGlobalSection
	GlobalSection(NestedProjects) = preSolution
		{9273CD13-1AF7-3972-B28D-826326D10526} = {E4F8E363-8A0C-378B-9218-36327A6B8E6C}
		{B85A38BF-30E2-3AEC-B8E7-4AF935E60B98} = {E4F8E363-8A0C-378B-9218-36327A6B8E6C}
	EndGlobalSection
	GlobalSection(ExtensibilityGlobals) = postSolution
		SolutionGuid = {A50DB513-11E0-3F35-A163-610AD0F0BED6}
	EndGlobalSection
	GlobalSection(ExtensibilityAddIns) = postSolution
	EndGlobalSection
EndGlobal
